
Microsoft Visual Studio Solution File, Format Version 12.00
# Visual Studio Version 17
VisualStudioVersion = 17.13.35818.85 d17.13
MinimumVisualStudioVersion = 10.0.40219.1
Project("{FAE04EC0-301F-11D3-BF4B-00C04F79EFBC}") = "tpmodul6_103022300101", "tpmodul6_103022300101\tpmodul6_103022300101.csproj", "{F20C377B-F163-41C7-9CC5-6EF2AAE73F21}"
EndProject
Global
	GlobalSection(SolutionConfigurationPlatforms) = preSolution
		Debug|Any CPU = Debug|Any CPU
		Release|Any CPU = Release|Any CPU
	EndGlobalSection
	GlobalSection(ProjectConfigurationPlatforms) = postSolution
		{F20C377B-F163-41C7-9CC5-6EF2AAE73F21}.Debug|Any CPU.ActiveCfg = Debug|Any CPU
		{F20C377B-F163-41C7-9CC5-6EF2AAE73F21}.Debug|Any CPU.Build.0 = Debug|Any CPU
		{F20C377B-F163-41C7-9CC5-6EF2AAE73F21}.Release|Any CPU.ActiveCfg = Release|Any CPU
		{F20C377B-F163-41C7-9CC5-6EF2AAE73F21}.Release|Any CPU.Build.0 = Release|Any CPU
	EndGlobalSection
	GlobalSection(SolutionProperties) = preSolution
		HideSolutionNode = FALSE
	EndGlobalSection
	GlobalSection(ExtensibilityGlobals) = postSolution
		SolutionGuid = {AFA7E915-86BE-4FE2-BFAF-15DF9A07DE47}
	EndGlobalSection
EndGlobal
